// !$*UTF8*$!
{
	archiveVersion = 1;
	classes = {
	};
	objectVersion = 48;
	objects = {

/* Begin PBXBuildFile section */
		1CB3134F2047E073007688D5 /* AppDelegate.m in Sources */ = {isa = PBXBuildFile; fileRef = 1CB3134E2047E073007688D5 /* AppDelegate.m */; };
		1CB313522047E074007688D5 /* ViewController.m in Sources */ = {isa = PBXBuildFile; fileRef = 1CB313512047E074007688D5 /* ViewController.m */; };
		1CB313552047E074007688D5 /* Main.storyboard in Resources */ = {isa = PBXBuildFile; fileRef = 1CB313532047E074007688D5 /* Main.storyboard */; };
		1CB313572047E074007688D5 /* Assets.xcassets in Resources */ = {isa = PBXBuildFile; fileRef = 1CB313562047E074007688D5 /* Assets.xcassets */; };
		1CB3135A2047E074007688D5 /* LaunchScreen.storyboard in Resources */ = {isa = PBXBuildFile; fileRef = 1CB313582047E074007688D5 /* LaunchScreen.storyboard */; };
		1CB3135D2047E074007688D5 /* main.m in Sources */ = {isa = PBXBuildFile; fileRef = 1CB3135C2047E074007688D5 /* main.m */; };
		1CB313692047E096007688D5 /* AUUTableAction.m in Sources */ = {isa = PBXBuildFile; fileRef = 1CB313642047E095007688D5 /* AUUTableAction.m */; };
		1CB3136A2047E096007688D5 /* AUUTableModel.m in Sources */ = {isa = PBXBuildFile; fileRef = 1CB313682047E096007688D5 /* AUUTableModel.m */; };
		1CB313722047E0A2007688D5 /* p3.jpg in Resources */ = {isa = PBXBuildFile; fileRef = 1CB3136C2047E0A2007688D5 /* p3.jpg */; };
		1CB313732047E0A2007688D5 /* p2.jpg in Resources */ = {isa = PBXBuildFile; fileRef = 1CB3136D2047E0A2007688D5 /* p2.jpg */; };
		1CB313742047E0A2007688D5 /* p0.jpg in Resources */ = {isa = PBXBuildFile; fileRef = 1CB3136E2047E0A2007688D5 /* p0.jpg */; };
		1CB313752047E0A2007688D5 /* p1.jpg in Resources */ = {isa = PBXBuildFile; fileRef = 1CB3136F2047E0A2007688D5 /* p1.jpg */; };
		1CB313762047E0A2007688D5 /* p5.jpg in Resources */ = {isa = PBXBuildFile; fileRef = 1CB313702047E0A2007688D5 /* p5.jpg */; };
		1CB313772047E0A2007688D5 /* p4.jpg in Resources */ = {isa = PBXBuildFile; fileRef = 1CB313712047E0A2007688D5 /* p4.jpg */; };
		1CB313862047E0AF007688D5 /* AUUInputCell.m in Sources */ = {isa = PBXBuildFile; fileRef = 1CB3137D2047E0AF007688D5 /* AUUInputCell.m */; };
		1CB313872047E0AF007688D5 /* AUUImageScrollerCell.m in Sources */ = {isa = PBXBuildFile; fileRef = 1CB3137E2047E0AF007688D5 /* AUUImageScrollerCell.m */; };
		1CB313882047E0AF007688D5 /* AUUTextCell.m in Sources */ = {isa = PBXBuildFile; fileRef = 1CB313802047E0AF007688D5 /* AUUTextCell.m */; };
		1CB3138A2047E0AF007688D5 /* AUUImageCell.m in Sources */ = {isa = PBXBuildFile; fileRef = 1CB313822047E0AF007688D5 /* AUUImageCell.m */; };
		1CB3138B2047E0AF007688D5 /* AUUBaseCell.m in Sources */ = {isa = PBXBuildFile; fileRef = 1CB313852047E0AF007688D5 /* AUUBaseCell.m */; };
		1CB3138E2047E2C1007688D5 /* AUUBaseObject.m in Sources */ = {isa = PBXBuildFile; fileRef = 1CB3138D2047E2C1007688D5 /* AUUBaseObject.m */; };
		1CB313912047E416007688D5 /* AUUPlaceholderCell.m in Sources */ = {isa = PBXBuildFile; fileRef = 1CB313902047E416007688D5 /* AUUPlaceholderCell.m */; };
/* End PBXBuildFile section */

/* Begin PBXFileReference section */
		1CB3134A2047E073007688D5 /* Table02.app */ = {isa = PBXFileReference; explicitFileType = wrapper.application; includeInIndex = 0; path = Table02.app; sourceTree = BUILT_PRODUCTS_DIR; };
		1CB3134D2047E073007688D5 /* AppDelegate.h */ = {isa = PBXFileReference; lastKnownFileType = sourcecode.c.h; path = AppDelegate.h; sourceTree = "<group>"; };
		1CB3134E2047E073007688D5 /* AppDelegate.m */ = {isa = PBXFileReference; lastKnownFileType = sourcecode.c.objc; path = AppDelegate.m; sourceTree = "<group>"; };
		1CB313502047E073007688D5 /* ViewController.h */ = {isa = PBXFileReference; lastKnownFileType = sourcecode.c.h; path = ViewController.h; sourceTree = "<group>"; };
		1CB313512047E074007688D5 /* ViewController.m */ = {isa = PBXFileReference; lastKnownFileType = sourcecode.c.objc; path = ViewController.m; sourceTree = "<group>"; };
		1CB313542047E074007688D5 /* Base */ = {isa = PBXFileReference; lastKnownFileType = file.storyboard; name = Base; path = Base.lproj/Main.storyboard; sourceTree = "<group>"; };
		1CB313562047E074007688D5 /* Assets.xcassets */ = {isa = PBXFileReference; lastKnownFileType = folder.assetcatalog; path = Assets.xcassets; sourceTree = "<group>"; };
		1CB313592047E074007688D5 /* Base */ = {isa = PBXFileReference; lastKnownFileType = file.storyboard; name = Base; path = Base.lproj/LaunchScreen.storyboard; sourceTree = "<group>"; };
		1CB3135B2047E074007688D5 /* Info.plist */ = {isa = PBXFileReference; lastKnownFileType = text.plist.xml; path = Info.plist; sourceTree = "<group>"; };
		1CB3135C2047E074007688D5 /* main.m */ = {isa = PBXFileReference; lastKnownFileType = sourcecode.c.objc; path = main.m; sourceTree = "<group>"; };
		1CB313642047E095007688D5 /* AUUTableAction.m */ = {isa = PBXFileReference; fileEncoding = 4; lastKnownFileType = sourcecode.c.objc; path = AUUTableAction.m; sourceTree = "<group>"; };
		1CB313652047E095007688D5 /* AUUTableModel.h */ = {isa = PBXFileReference; fileEncoding = 4; lastKnownFileType = sourcecode.c.h; path = AUUTableModel.h; sourceTree = "<group>"; };
		1CB313662047E096007688D5 /* AUUTableAction.h */ = {isa = PBXFileReference; fileEncoding = 4; lastKnownFileType = sourcecode.c.h; path = AUUTableAction.h; sourceTree = "<group>"; };
		1CB313672047E096007688D5 /* AUUTableProtocol.h */ = {isa = PBXFileReference; fileEncoding = 4; lastKnownFileType = sourcecode.c.h; path = AUUTableProtocol.h; sourceTree = "<group>"; };
		1CB313682047E096007688D5 /* AUUTableModel.m */ = {isa = PBXFileReference; fileEncoding = 4; lastKnownFileType = sourcecode.c.objc; path = AUUTableModel.m; sourceTree = "<group>"; };
		1CB3136C2047E0A2007688D5 /* p3.jpg */ = {isa = PBXFileReference; lastKnownFileType = image.jpeg; path = p3.jpg; sourceTree = "<group>"; };
		1CB3136D2047E0A2007688D5 /* p2.jpg */ = {isa = PBXFileReference; lastKnownFileType = image.jpeg; path = p2.jpg; sourceTree = "<group>"; };
		1CB3136E2047E0A2007688D5 /* p0.jpg */ = {isa = PBXFileReference; lastKnownFileType = image.jpeg; path = p0.jpg; sourceTree = "<group>"; };
		1CB3136F2047E0A2007688D5 /* p1.jpg */ = {isa = PBXFileReference; lastKnownFileType = image.jpeg; path = p1.jpg; sourceTree = "<group>"; };
		1CB313702047E0A2007688D5 /* p5.jpg */ = {isa = PBXFileReference; lastKnownFileType = image.jpeg; path = p5.jpg; sourceTree = "<group>"; };
		1CB313712047E0A2007688D5 /* p4.jpg */ = {isa = PBXFileReference; lastKnownFileType = image.jpeg; path = p4.jpg; sourceTree = "<group>"; };
		1CB3137A2047E0AF007688D5 /* AUUImageCell.h */ = {isa = PBXFileReference; fileEncoding = 4; lastKnownFileType = sourcecode.c.h; path = AUUImageCell.h; sourceTree = "<group>"; };
		1CB3137C2047E0AF007688D5 /* AUUTextCell.h */ = {isa = PBXFileReference; fileEncoding = 4; lastKnownFileType = sourcecode.c.h; path = AUUTextCell.h; sourceTree = "<group>"; };
		1CB3137D2047E0AF007688D5 /* AUUInputCell.m */ = {isa = PBXFileReference; fileEncoding = 4; lastKnownFileType = sourcecode.c.objc; path = AUUInputCell.m; sourceTree = "<group>"; };
		1CB3137E2047E0AF007688D5 /* AUUImageScrollerCell.m */ = {isa = PBXFileReference; fileEncoding = 4; lastKnownFileType = sourcecode.c.objc; path = AUUImageScrollerCell.m; sourceTree = "<group>"; };
		1CB3137F2047E0AF007688D5 /* AUUBaseCell.h */ = {isa = PBXFileReference; fileEncoding = 4; lastKnownFileType = sourcecode.c.h; path = AUUBaseCell.h; sourceTree = "<group>"; };
		1CB313802047E0AF007688D5 /* AUUTextCell.m */ = {isa = PBXFileReference; fileEncoding = 4; lastKnownFileType = sourcecode.c.objc; path = AUUTextCell.m; sourceTree = "<group>"; };
		1CB313822047E0AF007688D5 /* AUUImageCell.m */ = {isa = PBXFileReference; fileEncoding = 4; lastKnownFileType = sourcecode.c.objc; path = AUUImageCell.m; sourceTree = "<group>"; };
		1CB313832047E0AF007688D5 /* AUUInputCell.h */ = {isa = PBXFileReference; fileEncoding = 4; lastKnownFileType = sourcecode.c.h; path = AUUInputCell.h; sourceTree = "<group>"; };
		1CB313842047E0AF007688D5 /* AUUImageScrollerCell.h */ = {isa = PBXFileReference; fileEncoding = 4; lastKnownFileType = sourcecode.c.h; path = AUUImageScrollerCell.h; sourceTree = "<group>"; };
		1CB313852047E0AF007688D5 /* AUUBaseCell.m */ = {isa = PBXFileReference; fileEncoding = 4; lastKnownFileType = sourcecode.c.objc; path = AUUBaseCell.m; sourceTree = "<group>"; };
		1CB3138C2047E2C1007688D5 /* AUUBaseObject.h */ = {isa = PBXFileReference; lastKnownFileType = sourcecode.c.h; path = AUUBaseObject.h; sourceTree = "<group>"; };
		1CB3138D2047E2C1007688D5 /* AUUBaseObject.m */ = {isa = PBXFileReference; lastKnownFileType = sourcecode.c.objc; path = AUUBaseObject.m; sourceTree = "<group>"; };
		1CB3138F2047E416007688D5 /* AUUPlaceholderCell.h */ = {isa = PBXFileReference; lastKnownFileType = sourcecode.c.h; path = AUUPlaceholderCell.h; sourceTree = "<group>"; };
		1CB313902047E416007688D5 /* AUUPlaceholderCell.m */ = {isa = PBXFileReference; lastKnownFileType = sourcecode.c.objc; path = AUUPlaceholderCell.m; sourceTree = "<group>"; };
/* End PBXFileReference section */

/* Begin PBXFrameworksBuildPhase section */
		1CB313472047E073007688D5 /* Frameworks */ = {
			isa = PBXFrameworksBuildPhase;
			buildActionMask = 2147483647;
			files = (
			);
			runOnlyForDeploymentPostprocessing = 0;
		};
/* End PBXFrameworksBuildPhase section */

/* Begin PBXGroup section */
		1CB313412047E073007688D5 = {
			isa = PBXGroup;
			children = (
				1CB3134C2047E073007688D5 /* Table02 */,
				1CB3134B2047E073007688D5 /* Products */,
			);
			sourceTree = "<group>";
		};
		1CB3134B2047E073007688D5 /* Products */ = {
			isa = PBXGroup;
			children = (
				1CB3134A2047E073007688D5 /* Table02.app */,
			);
			name = Products;
			sourceTree = "<group>";
		};
		1CB3134C2047E073007688D5 /* Table02 */ = {
			isa = PBXGroup;
			children = (
				1CB3134D2047E073007688D5 /* AppDelegate.h */,
				1CB3134E2047E073007688D5 /* AppDelegate.m */,
				1CB313502047E073007688D5 /* ViewController.h */,
				1CB313512047E074007688D5 /* ViewController.m */,
				1CB313792047E0AF007688D5 /* Tests */,
				1CB3136B2047E0A2007688D5 /* Sources */,
				1CB313632047E088007688D5 /* Table */,
				1CB313532047E074007688D5 /* Main.storyboard */,
				1CB313562047E074007688D5 /* Assets.xcassets */,
				1CB313582047E074007688D5 /* LaunchScreen.storyboard */,
				1CB3135B2047E074007688D5 /* Info.plist */,
				1CB3135C2047E074007688D5 /* main.m */,
			);
			path = Table02;
			sourceTree = "<group>";
		};
		1CB313632047E088007688D5 /* Table */ = {
			isa = PBXGroup;
			children = (
				1CB313662047E096007688D5 /* AUUTableAction.h */,
				1CB313642047E095007688D5 /* AUUTableAction.m */,
				1CB313652047E095007688D5 /* AUUTableModel.h */,
				1CB313682047E096007688D5 /* AUUTableModel.m */,
				1CB313672047E096007688D5 /* AUUTableProtocol.h */,
			);
			path = Table;
			sourceTree = "<group>";
		};
		1CB3136B2047E0A2007688D5 /* Sources */ = {
			isa = PBXGroup;
			children = (
				1CB3136C2047E0A2007688D5 /* p3.jpg */,
				1CB3136D2047E0A2007688D5 /* p2.jpg */,
				1CB3136E2047E0A2007688D5 /* p0.jpg */,
				1CB3136F2047E0A2007688D5 /* p1.jpg */,
				1CB313702047E0A2007688D5 /* p5.jpg */,
				1CB313712047E0A2007688D5 /* p4.jpg */,
			);
			path = Sources;
			sourceTree = "<group>";
		};
		1CB313792047E0AF007688D5 /* Tests */ = {
			isa = PBXGroup;
			children = (
				1CB3137F2047E0AF007688D5 /* AUUBaseCell.h */,
				1CB313852047E0AF007688D5 /* AUUBaseCell.m */,
				1CB3138C2047E2C1007688D5 /* AUUBaseObject.h */,
				1CB3138D2047E2C1007688D5 /* AUUBaseObject.m */,
				1CB3137C2047E0AF007688D5 /* AUUTextCell.h */,
				1CB313802047E0AF007688D5 /* AUUTextCell.m */,
				1CB313832047E0AF007688D5 /* AUUInputCell.h */,
				1CB3137D2047E0AF007688D5 /* AUUInputCell.m */,
				1CB313842047E0AF007688D5 /* AUUImageScrollerCell.h */,
				1CB3137E2047E0AF007688D5 /* AUUImageScrollerCell.m */,
				1CB3137A2047E0AF007688D5 /* AUUImageCell.h */,
				1CB313822047E0AF007688D5 /* AUUImageCell.m */,
				1CB3138F2047E416007688D5 /* AUUPlaceholderCell.h */,
				1CB313902047E416007688D5 /* AUUPlaceholderCell.m */,
			);
			path = Tests;
			sourceTree = "<group>";
		};
/* End PBXGroup section */

/* Begin PBXNativeTarget section */
		1CB313492047E073007688D5 /* Table02 */ = {
			isa = PBXNativeTarget;
			buildConfigurationList = 1CB313602047E074007688D5 /* Build configuration list for PBXNativeTarget "Table02" */;
			buildPhases = (
				1CB313462047E073007688D5 /* Sources */,
				1CB313472047E073007688D5 /* Frameworks */,
				1CB313482047E073007688D5 /* Resources */,
			);
			buildRules = (
			);
			dependencies = (
			);
			name = Table02;
			productName = Table02;
			productReference = 1CB3134A2047E073007688D5 /* Table02.app */;
			productType = "com.apple.product-type.application";
		};
/* End PBXNativeTarget section */

/* Begin PBXProject section */
		1CB313422047E073007688D5 /* Project object */ = {
			isa = PBXProject;
			attributes = {
				LastUpgradeCheck = 0920;
				ORGANIZATIONNAME = "胡金友";
				TargetAttributes = {
					1CB313492047E073007688D5 = {
						CreatedOnToolsVersion = 9.2;
						ProvisioningStyle = Manual;
					};
				};
			};
			buildConfigurationList = 1CB313452047E073007688D5 /* Build configuration list for PBXProject "Table02" */;
			compatibilityVersion = "Xcode 8.0";
			developmentRegion = en;
			hasScannedForEncodings = 0;
			knownRegions = (
				en,
				Base,
			);
			mainGroup = 1CB313412047E073007688D5;
			productRefGroup = 1CB3134B2047E073007688D5 /* Products */;
			projectDirPath = "";
			projectRoot = "";
			targets = (
				1CB313492047E073007688D5 /* Table02 */,
			);
		};
/* End PBXProject section */

/* Begin PBXResourcesBuildPhase section */
		1CB313482047E073007688D5 /* Resources */ = {
			isa = PBXResourcesBuildPhase;
			buildActionMask = 2147483647;
			files = (
				1CB313772047E0A2007688D5 /* p4.jpg in Resources */,
				1CB313732047E0A2007688D5 /* p2.jpg in Resources */,
				1CB313742047E0A2007688D5 /* p0.jpg in Resources */,
				1CB313762047E0A2007688D5 /* p5.jpg in Resources */,
				1CB313722047E0A2007688D5 /* p3.jpg in Resources */,
				1CB3135A2047E074007688D5 /* LaunchScreen.storyboard in Resources */,
				1CB313572047E074007688D5 /* Assets.xcassets in Resources */,
				1CB313752047E0A2007688D5 /* p1.jpg in Resources */,
				1CB313552047E074007688D5 /* Main.storyboard in Resources */,
			);
			runOnlyForDeploymentPostprocessing = 0;
		};
/* End PBXResourcesBuildPhase section */

/* Begin PBXSourcesBuildPhase section */
		1CB313462047E073007688D5 /* Sources */ = {
			isa = PBXSourcesBuildPhase;
			buildActionMask = 2147483647;
			files = (
				1CB313882047E0AF007688D5 /* AUUTextCell.m in Sources */,
				1CB313862047E0AF007688D5 /* AUUInputCell.m in Sources */,
				1CB3138E2047E2C1007688D5 /* AUUBaseObject.m in Sources */,
				1CB313692047E096007688D5 /* AUUTableAction.m in Sources */,
				1CB313522047E074007688D5 /* ViewController.m in Sources */,
				1CB3138A2047E0AF007688D5 /* AUUImageCell.m in Sources */,
				1CB3135D2047E074007688D5 /* main.m in Sources */,
				1CB3136A2047E096007688D5 /* AUUTableModel.m in Sources */,
				1CB313872047E0AF007688D5 /* AUUImageScrollerCell.m in Sources */,
				1CB313912047E416007688D5 /* AUUPlaceholderCell.m in Sources */,
				1CB3138B2047E0AF007688D5 /* AUUBaseCell.m in Sources */,
				1CB3134F2047E073007688D5 /* AppDelegate.m in Sources */,
			);
			runOnlyForDeploymentPostprocessing = 0;
		};
/* End PBXSourcesBuildPhase section */

/* Begin PBXVariantGroup section */
		1CB313532047E074007688D5 /* Main.storyboard */ = {
			isa = PBXVariantGroup;
			children = (
				1CB313542047E074007688D5 /* Base */,
			);
			name = Main.storyboard;
			sourceTree = "<group>";
		};
		1CB313582047E074007688D5 /* LaunchScreen.storyboard */ = {
			isa = PBXVariantGroup;
			children = (
				1CB313592047E074007688D5 /* Base */,
			);
			name = LaunchScreen.storyboard;
			sourceTree = "<group>";
		};
/* End PBXVariantGroup section */

/* Begin XCBuildConfiguration section */
		1CB3135E2047E074007688D5 /* Debug */ = {
			isa = XCBuildConfiguration;
			buildSettings = {
				ALWAYS_SEARCH_USER_PATHS = NO;
				CLANG_ANALYZER_NONNULL = YES;
				CLANG_ANALYZER_NUMBER_OBJECT_CONVERSION = YES_AGGRESSIVE;
				CLANG_CXX_LANGUAGE_STANDARD = "gnu++14";
				CLANG_CXX_LIBRARY = "libc++";
				CLANG_ENABLE_MODULES = YES;
				CLANG_ENABLE_OBJC_ARC = YES;
				CLANG_WARN_BLOCK_CAPTURE_AUTORELEASING = YES;
				CLANG_WARN_BOOL_CONVERSION = YES;
				CLANG_WARN_COMMA = YES;
				CLANG_WARN_CONSTANT_CONVERSION = YES;
				CLANG_WARN_DIRECT_OBJC_ISA_USAGE = YES_ERROR;
				CLANG_WARN_DOCUMENTATION_COMMENTS = YES;
				CLANG_WARN_EMPTY_BODY = YES;
				CLANG_WARN_ENUM_CONVERSION = YES;
				CLANG_WARN_INFINITE_RECURSION = YES;
				CLANG_WARN_INT_CONVERSION = YES;
				CLANG_WARN_NON_LITERAL_NULL_CONVERSION = YES;
				CLANG_WARN_OBJC_LITERAL_CONVERSION = YES;
				CLANG_WARN_OBJC_ROOT_CLASS = YES_ERROR;
				CLANG_WARN_RANGE_LOOP_ANALYSIS = YES;
				CLANG_WARN_STRICT_PROTOTYPES = YES;
				CLANG_WARN_SUSPICIOUS_MOVE = YES;
				CLANG_WARN_UNGUARDED_AVAILABILITY = YES_AGGRESSIVE;
				CLANG_WARN_UNREACHABLE_CODE = YES;
				CLANG_WARN__DUPLICATE_METHOD_MATCH = YES;
				CODE_SIGN_IDENTITY = "iPhone Developer";
				COPY_PHASE_STRIP = NO;
				DEBUG_INFORMATION_FORMAT = dwarf;
				ENABLE_STRICT_OBJC_MSGSEND = YES;
				ENABLE_TESTABILITY = YES;
				GCC_C_LANGUAGE_STANDARD = gnu11;
				GCC_DYNAMIC_NO_PIC = NO;
				GCC_NO_COMMON_BLOCKS = YES;
				GCC_OPTIMIZATION_LEVEL = 0;
				GCC_PREPROCESSOR_DEFINITIONS = (
					"DEBUG=1",
					"$(inherited)",
				);
				GCC_WARN_64_TO_32_BIT_CONVERSION = YES;
				GCC_WARN_ABOUT_RETURN_TYPE = YES_ERROR;
				GCC_WARN_UNDECLARED_SELECTOR = YES;
				GCC_WARN_UNINITIALIZED_AUTOS = YES_AGGRESSIVE;
				GCC_WARN_UNUSED_FUNCTION = YES;
				GCC_WARN_UNUSED_VARIABLE = YES;
				IPHONEOS_DEPLOYMENT_TARGET = 11.2;
				MTL_ENABLE_DEBUG_INFO = YES;
				ONLY_ACTIVE_ARCH = YES;
				SDKROOT = iphoneos;
			};
			name = Debug;
		};
		1CB3135F2047E074007688D5 /* Release */ = {
			isa = XCBuildConfiguration;
			buildSettings = {
				ALWAYS_SEARCH_USER_PATHS = NO;
				CLANG_ANALYZER_NONNULL = YES;
				CLANG_ANALYZER_NUMBER_OBJECT_CONVERSION = YES_AGGRESSIVE;
				CLANG_CXX_LANGUAGE_STANDARD = "gnu++14";
				CLANG_CXX_LIBRARY = "libc++";
				CLANG_ENABLE_MODULES = YES;
				CLANG_ENABLE_OBJC_ARC = YES;
				CLANG_WARN_BLOCK_CAPTURE_AUTORELEASING = YES;
				CLANG_WARN_BOOL_CONVERSION = YES;
				CLANG_WARN_COMMA = YES;
				CLANG_WARN_CONSTANT_CONVERSION = YES;
				CLANG_WARN_DIRECT_OBJC_ISA_USAGE = YES_ERROR;
				CLANG_WARN_DOCUMENTATION_COMMENTS = YES;
				CLANG_WARN_EMPTY_BODY = YES;
				CLANG_WARN_ENUM_CONVERSION = YES;
				CLANG_WARN_INFINITE_RECURSION = YES;
				CLANG_WARN_INT_CONVERSION = YES;
				CLANG_WARN_NON_LITERAL_NULL_CONVERSION = YES;
				CLANG_WARN_OBJC_LITERAL_CONVERSION = YES;
				CLANG_WARN_OBJC_ROOT_CLASS = YES_ERROR;
				CLANG_WARN_RANGE_LOOP_ANALYSIS = YES;
				CLANG_WARN_STRICT_PROTOTYPES = YES;
				CLANG_WARN_SUSPICIOUS_MOVE = YES;
				CLANG_WARN_UNGUARDED_AVAILABILITY = YES_AGGRESSIVE;
				CLANG_WARN_UNREACHABLE_CODE = YES;
				CLANG_WARN__DUPLICATE_METHOD_MATCH = YES;
				CODE_SIGN_IDENTITY = "iPhone Developer";
				COPY_PHASE_STRIP = NO;
				DEBUG_INFORMATION_FORMAT = "dwarf-with-dsym";
				ENABLE_NS_ASSERTIONS = NO;
				ENABLE_STRICT_OBJC_MSGSEND = YES;
				GCC_C_LANGUAGE_STANDARD = gnu11;
				GCC_NO_COMMON_BLOCKS = YES;
				GCC_WARN_64_TO_32_BIT_CONVERSION = YES;
				GCC_WARN_ABOUT_RETURN_TYPE = YES_ERROR;
				GCC_WARN_UNDECLARED_SELECTOR = YES;
				GCC_WARN_UNINITIALIZED_AUTOS = YES_AGGRESSIVE;
				GCC_WARN_UNUSED_FUNCTION = YES;
				GCC_WARN_UNUSED_VARIABLE = YES;
				IPHONEOS_DEPLOYMENT_TARGET = 11.2;
				MTL_ENABLE_DEBUG_INFO = NO;
				SDKROOT = iphoneos;
				VALIDATE_PRODUCT = YES;
			};
			name = Release;
		};
		1CB313612047E074007688D5 /* Debug */ = {
			isa = XCBuildConfiguration;
			buildSettings = {
				ASSETCATALOG_COMPILER_APPICON_NAME = AppIcon;
				CODE_SIGN_STYLE = Manual;
				DEVELOPMENT_TEAM = NFE8L9VTV6;
				INFOPLIST_FILE = Table02/Info.plist;
				IPHONEOS_DEPLOYMENT_TARGET = 9.0;
				LD_RUNPATH_SEARCH_PATHS = "$(inherited) @executable_path/Frameworks";
				PRODUCT_BUNDLE_IDENTIFIER = com.jyhu.Table02;
				PRODUCT_NAME = "$(TARGET_NAME)";
				PROVISIONING_PROFILE = "35cce438-3c9a-4123-a310-ceec4c8c52c4";
				PROVISIONING_PROFILE_SPECIFIER = "hujinyou-mbp-dev-all-170329";
				TARGETED_DEVICE_FAMILY = "1,2";
			};
			name = Debug;
		};
		1CB313622047E074007688D5 /* Release */ = {
			isa = XCBuildConfiguration;
			buildSettings = {
				ASSETCATALOG_COMPILER_APPICON_NAME = AppIcon;
				CODE_SIGN_STYLE = Manual;
				DEVELOPMENT_TEAM = "";
				INFOPLIST_FILE = Table02/Info.plist;
				IPHONEOS_DEPLOYMENT_TARGET = 9.0;
				LD_RUNPATH_SEARCH_PATHS = "$(inherited) @executable_path/Frameworks";
				PRODUCT_BUNDLE_IDENTIFIER = com.jyhu.Table02;
				PRODUCT_NAME = "$(TARGET_NAME)";
				PROVISIONING_PROFILE_SPECIFIER = "";
				TARGETED_DEVICE_FAMILY = "1,2";
			};
			name = Release;
		};
/* End XCBuildConfiguration section */

/* Begin XCConfigurationList section */
		1CB313452047E073007688D5 /* Build configuration list for PBXProject "Table02" */ = {
			isa = XCConfigurationList;
			buildConfigurations = (
				1CB3135E2047E074007688D5 /* Debug */,
				1CB3135F2047E074007688D5 /* Release */,
			);
			defaultConfigurationIsVisible = 0;
			defaultConfigurationName = Release;
		};
		1CB313602047E074007688D5 /* Build configuration list for PBXNativeTarget "Table02" */ = {
			isa = XCConfigurationList;
			buildConfigurations = (
				1CB313612047E074007688D5 /* Debug */,
				1CB313622047E074007688D5 /* Release */,
			);
			defaultConfigurationIsVisible = 0;
			defaultConfigurationName = Release;
		};
/* End XCConfigurationList section */
	};
	rootObject = 1CB313422047E073007688D5 /* Project object */;
}
